
Microsoft Visual Studio Solution File, Format Version 12.00
# Visual Studio Version 16
VisualStudioVersion = 16.0.31019.35
MinimumVisualStudioVersion = 10.0.40219.1
Project("{FAE04EC0-301F-11D3-BF4B-00C04F79EFBC}") = "Lexico3", "Lexico3\Lexico3.csproj", "{29935927-E497-4152-8059-4E6372FCB9D3}"
EndProject
Global
	GlobalSection(SolutionConfigurationPlatforms) = preSolution
		Debug|Any CPU = Debug|Any CPU
		Release|Any CPU = Release|Any CPU
	EndGlobalSection
	GlobalSection(ProjectConfigurationPlatforms) = postSolution
		{29935927-E497-4152-8059-4E6372FCB9D3}.Debug|Any CPU.ActiveCfg = Debug|Any CPU
		{29935927-E497-4152-8059-4E6372FCB9D3}.Debug|Any CPU.Build.0 = Debug|Any CPU
		{29935927-E497-4152-8059-4E6372FCB9D3}.Release|Any CPU.ActiveCfg = Release|Any CPU
		{29935927-E497-4152-8059-4E6372FCB9D3}.Release|Any CPU.Build.0 = Release|Any CPU
	EndGlobalSection
	GlobalSection(SolutionProperties) = preSolution
		HideSolutionNode = FALSE
	EndGlobalSection
	GlobalSection(ExtensibilityGlobals) = postSolution
		SolutionGuid = {2ACBDEFD-A003-444E-AA44-8DDB5B921FE1}
	EndGlobalSection
EndGlobal
